
Microsoft Visual Studio Solution File, Format Version 12.00
# Visual Studio Version 17
VisualStudioVersion = 17.7.34031.279
MinimumVisualStudioVersion = 10.0.40219.1
Project("{9A19103F-16F7-4668-BE54-9A1E7A4F7556}") = "Trial", "Trial\Trial.csproj", "{E716162F-6159-47D9-A238-339869DF7577}"
EndProject
Project("{FAE04EC0-301F-11D3-BF4B-00C04F79EFBC}") = "Catalyster", "Catalyster\Catalyster.csproj", "{5DE12BCE-F217-4CBA-AFEF-26D2A75F5455}"
EndProject
Project("{FAE04EC0-301F-11D3-BF4B-00C04F79EFBC}") = "CatalysterTest", "CatalysterTest\CatalysterTest.csproj", "{8569A593-FF2E-451E-95B5-A48063B7053C}"
EndProject
Global
	GlobalSection(SolutionConfigurationPlatforms) = preSolution
		Debug|Any CPU = Debug|Any CPU
		Release|Any CPU = Release|Any CPU
	EndGlobalSection
	GlobalSection(ProjectConfigurationPlatforms) = postSolution
		{E716162F-6159-47D9-A238-339869DF7577}.Debug|Any CPU.ActiveCfg = Debug|Any CPU
		{E716162F-6159-47D9-A238-339869DF7577}.Debug|Any CPU.Build.0 = Debug|Any CPU
		{E716162F-6159-47D9-A238-339869DF7577}.Release|Any CPU.ActiveCfg = Release|Any CPU
		{E716162F-6159-47D9-A238-339869DF7577}.Release|Any CPU.Build.0 = Release|Any CPU
		{5DE12BCE-F217-4CBA-AFEF-26D2A75F5455}.Debug|Any CPU.ActiveCfg = Debug|Any CPU
		{5DE12BCE-F217-4CBA-AFEF-26D2A75F5455}.Debug|Any CPU.Build.0 = Debug|Any CPU
		{5DE12BCE-F217-4CBA-AFEF-26D2A75F5455}.Release|Any CPU.ActiveCfg = Release|Any CPU
		{5DE12BCE-F217-4CBA-AFEF-26D2A75F5455}.Release|Any CPU.Build.0 = Release|Any CPU
		{8569A593-FF2E-451E-95B5-A48063B7053C}.Debug|Any CPU.ActiveCfg = Debug|Any CPU
		{8569A593-FF2E-451E-95B5-A48063B7053C}.Debug|Any CPU.Build.0 = Debug|Any CPU
		{8569A593-FF2E-451E-95B5-A48063B7053C}.Release|Any CPU.ActiveCfg = Release|Any CPU
		{8569A593-FF2E-451E-95B5-A48063B7053C}.Release|Any CPU.Build.0 = Release|Any CPU
	EndGlobalSection
	GlobalSection(SolutionProperties) = preSolution
		HideSolutionNode = FALSE
	EndGlobalSection
	GlobalSection(ExtensibilityGlobals) = postSolution
		SolutionGuid = {CF7AFFE0-6D16-4680-8F1B-D1FF668DD1E5}
	EndGlobalSection
EndGlobal
